// !$*UTF8*$!
{
	archiveVersion = 1;
	classes = {
	};
	objectVersion = 56;
	objects = {

/* Begin PBXBuildFile section */
		C23BEDB529FABDAF00506F5D /* WeatherResponseUtils.swift in Sources */ = {isa = PBXBuildFile; fileRef = C23BEDB429FABDAF00506F5D /* WeatherResponseUtils.swift */; };
		C23BEDB729FAC71400506F5D /* FormatterUtils.swift in Sources */ = {isa = PBXBuildFile; fileRef = C23BEDB629FAC71400506F5D /* FormatterUtils.swift */; };
		C23BEDB929FAD10900506F5D /* IntUtils.swift in Sources */ = {isa = PBXBuildFile; fileRef = C23BEDB829FAD10900506F5D /* IntUtils.swift */; };
		C23BEDBB29FB096300506F5D /* StringUtils.swift in Sources */ = {isa = PBXBuildFile; fileRef = C23BEDBA29FB096300506F5D /* StringUtils.swift */; };
		C23BEDBD29FB139300506F5D /* CoreDataService.swift in Sources */ = {isa = PBXBuildFile; fileRef = C23BEDBC29FB139300506F5D /* CoreDataService.swift */; };
		C29FF43029FA896C0020C1D2 /* .swiftlint.yml in Resources */ = {isa = PBXBuildFile; fileRef = C29FF42F29FA896C0020C1D2 /* .swiftlint.yml */; };
		C29FF43229FA8A220020C1D2 /* WeatherService.swift in Sources */ = {isa = PBXBuildFile; fileRef = C29FF43129FA8A220020C1D2 /* WeatherService.swift */; };
		C29FF43529FA8A630020C1D2 /* WeatherResponse.swift in Sources */ = {isa = PBXBuildFile; fileRef = C29FF43429FA8A630020C1D2 /* WeatherResponse.swift */; };
		C29FF43729FAA3C00020C1D2 /* Weather.swift in Sources */ = {isa = PBXBuildFile; fileRef = C29FF43629FAA3C00020C1D2 /* Weather.swift */; };
		C2B394E329FB244E00C48BC4 /* WeatherEntityUtils.swift in Sources */ = {isa = PBXBuildFile; fileRef = C2B394E229FB244E00C48BC4 /* WeatherEntityUtils.swift */; };
		C2BBDB7C29FA7CC500BC4E0E /* AppDelegate.swift in Sources */ = {isa = PBXBuildFile; fileRef = C2BBDB7B29FA7CC500BC4E0E /* AppDelegate.swift */; };
		C2BBDB7E29FA7CC500BC4E0E /* SceneDelegate.swift in Sources */ = {isa = PBXBuildFile; fileRef = C2BBDB7D29FA7CC500BC4E0E /* SceneDelegate.swift */; };
		C2BBDB8029FA7CC500BC4E0E /* HomeViewController.swift in Sources */ = {isa = PBXBuildFile; fileRef = C2BBDB7F29FA7CC500BC4E0E /* HomeViewController.swift */; };
		C2BBDB8629FA7CC500BC4E0E /* ZeltyWeather.xcdatamodeld in Sources */ = {isa = PBXBuildFile; fileRef = C2BBDB8429FA7CC500BC4E0E /* ZeltyWeather.xcdatamodeld */; };
		C2BBDB8829FA7CC600BC4E0E /* Assets.xcassets in Resources */ = {isa = PBXBuildFile; fileRef = C2BBDB8729FA7CC600BC4E0E /* Assets.xcassets */; };
		C2BBDB8B29FA7CC600BC4E0E /* LaunchScreen.storyboard in Resources */ = {isa = PBXBuildFile; fileRef = C2BBDB8929FA7CC600BC4E0E /* LaunchScreen.storyboard */; };
		C2BBDB9B29FA7E7300BC4E0E /* DetailViewController.swift in Sources */ = {isa = PBXBuildFile; fileRef = C2BBDB9A29FA7E7300BC4E0E /* DetailViewController.swift */; };
		C2BBDB9D29FA7ED100BC4E0E /* HomeCoordinator.swift in Sources */ = {isa = PBXBuildFile; fileRef = C2BBDB9C29FA7ED100BC4E0E /* HomeCoordinator.swift */; };
		C2BBDB9F29FA7EDE00BC4E0E /* HomeViewModel.swift in Sources */ = {isa = PBXBuildFile; fileRef = C2BBDB9E29FA7EDE00BC4E0E /* HomeViewModel.swift */; };
		C2BBDBA529FA7F5400BC4E0E /* DetailViewModel.swift in Sources */ = {isa = PBXBuildFile; fileRef = C2BBDBA429FA7F5400BC4E0E /* DetailViewModel.swift */; };
		C2BBDBA729FA7F6600BC4E0E /* DetailCoordinator.swift in Sources */ = {isa = PBXBuildFile; fileRef = C2BBDBA629FA7F6600BC4E0E /* DetailCoordinator.swift */; };
		C2BBDBAA29FA7FDD00BC4E0E /* BaseCoordinator.swift in Sources */ = {isa = PBXBuildFile; fileRef = C2BBDBA929FA7FDD00BC4E0E /* BaseCoordinator.swift */; };
		C2BBDBAC29FA7FE500BC4E0E /* AppCoordintor.swift in Sources */ = {isa = PBXBuildFile; fileRef = C2BBDBAB29FA7FE500BC4E0E /* AppCoordintor.swift */; };
/* End PBXBuildFile section */

/* Begin PBXFileReference section */
		C23BEDB429FABDAF00506F5D /* WeatherResponseUtils.swift */ = {isa = PBXFileReference; lastKnownFileType = sourcecode.swift; path = WeatherResponseUtils.swift; sourceTree = "<group>"; };
		C23BEDB629FAC71400506F5D /* FormatterUtils.swift */ = {isa = PBXFileReference; lastKnownFileType = sourcecode.swift; path = FormatterUtils.swift; sourceTree = "<group>"; };
		C23BEDB829FAD10900506F5D /* IntUtils.swift */ = {isa = PBXFileReference; lastKnownFileType = sourcecode.swift; path = IntUtils.swift; sourceTree = "<group>"; };
		C23BEDBA29FB096300506F5D /* StringUtils.swift */ = {isa = PBXFileReference; lastKnownFileType = sourcecode.swift; path = StringUtils.swift; sourceTree = "<group>"; };
		C23BEDBC29FB139300506F5D /* CoreDataService.swift */ = {isa = PBXFileReference; lastKnownFileType = sourcecode.swift; path = CoreDataService.swift; sourceTree = "<group>"; };
		C29FF42F29FA896C0020C1D2 /* .swiftlint.yml */ = {isa = PBXFileReference; fileEncoding = 4; lastKnownFileType = text.yaml; path = .swiftlint.yml; sourceTree = "<group>"; };
		C29FF43129FA8A220020C1D2 /* WeatherService.swift */ = {isa = PBXFileReference; lastKnownFileType = sourcecode.swift; path = WeatherService.swift; sourceTree = "<group>"; };
		C29FF43429FA8A630020C1D2 /* WeatherResponse.swift */ = {isa = PBXFileReference; lastKnownFileType = sourcecode.swift; path = WeatherResponse.swift; sourceTree = "<group>"; };
		C29FF43629FAA3C00020C1D2 /* Weather.swift */ = {isa = PBXFileReference; lastKnownFileType = sourcecode.swift; path = Weather.swift; sourceTree = "<group>"; };
		C2B394E229FB244E00C48BC4 /* WeatherEntityUtils.swift */ = {isa = PBXFileReference; lastKnownFileType = sourcecode.swift; path = WeatherEntityUtils.swift; sourceTree = "<group>"; };
		C2BBDB7829FA7CC500BC4E0E /* ZeltyWeather.app */ = {isa = PBXFileReference; explicitFileType = wrapper.application; includeInIndex = 0; path = ZeltyWeather.app; sourceTree = BUILT_PRODUCTS_DIR; };
		C2BBDB7B29FA7CC500BC4E0E /* AppDelegate.swift */ = {isa = PBXFileReference; lastKnownFileType = sourcecode.swift; path = AppDelegate.swift; sourceTree = "<group>"; };
		C2BBDB7D29FA7CC500BC4E0E /* SceneDelegate.swift */ = {isa = PBXFileReference; lastKnownFileType = sourcecode.swift; path = SceneDelegate.swift; sourceTree = "<group>"; };
		C2BBDB7F29FA7CC500BC4E0E /* HomeViewController.swift */ = {isa = PBXFileReference; lastKnownFileType = sourcecode.swift; path = HomeViewController.swift; sourceTree = "<group>"; };
		C2BBDB8529FA7CC500BC4E0E /* ZeltyWeather.xcdatamodel */ = {isa = PBXFileReference; lastKnownFileType = wrapper.xcdatamodel; path = ZeltyWeather.xcdatamodel; sourceTree = "<group>"; };
		C2BBDB8729FA7CC600BC4E0E /* Assets.xcassets */ = {isa = PBXFileReference; lastKnownFileType = folder.assetcatalog; path = Assets.xcassets; sourceTree = "<group>"; };
		C2BBDB8A29FA7CC600BC4E0E /* Base */ = {isa = PBXFileReference; lastKnownFileType = file.storyboard; name = Base; path = Base.lproj/LaunchScreen.storyboard; sourceTree = "<group>"; };
		C2BBDB8C29FA7CC600BC4E0E /* Info.plist */ = {isa = PBXFileReference; lastKnownFileType = text.plist.xml; path = Info.plist; sourceTree = "<group>"; };
		C2BBDB9A29FA7E7300BC4E0E /* DetailViewController.swift */ = {isa = PBXFileReference; lastKnownFileType = sourcecode.swift; path = DetailViewController.swift; sourceTree = "<group>"; };
		C2BBDB9C29FA7ED100BC4E0E /* HomeCoordinator.swift */ = {isa = PBXFileReference; lastKnownFileType = sourcecode.swift; path = HomeCoordinator.swift; sourceTree = "<group>"; };
		C2BBDB9E29FA7EDE00BC4E0E /* HomeViewModel.swift */ = {isa = PBXFileReference; lastKnownFileType = sourcecode.swift; path = HomeViewModel.swift; sourceTree = "<group>"; };
		C2BBDBA429FA7F5400BC4E0E /* DetailViewModel.swift */ = {isa = PBXFileReference; lastKnownFileType = sourcecode.swift; path = DetailViewModel.swift; sourceTree = "<group>"; };
		C2BBDBA629FA7F6600BC4E0E /* DetailCoordinator.swift */ = {isa = PBXFileReference; lastKnownFileType = sourcecode.swift; path = DetailCoordinator.swift; sourceTree = "<group>"; };
		C2BBDBA929FA7FDD00BC4E0E /* BaseCoordinator.swift */ = {isa = PBXFileReference; lastKnownFileType = sourcecode.swift; path = BaseCoordinator.swift; sourceTree = "<group>"; };
		C2BBDBAB29FA7FE500BC4E0E /* AppCoordintor.swift */ = {isa = PBXFileReference; lastKnownFileType = sourcecode.swift; path = AppCoordintor.swift; sourceTree = "<group>"; };
		C2FF018D29FAB708002E7A33 /* Token.xcconfig */ = {isa = PBXFileReference; lastKnownFileType = text.xcconfig; path = Token.xcconfig; sourceTree = "<group>"; };
/* End PBXFileReference section */

/* Begin PBXFrameworksBuildPhase section */
		C2BBDB7529FA7CC500BC4E0E /* Frameworks */ = {
			isa = PBXFrameworksBuildPhase;
			buildActionMask = 2147483647;
			files = (
			);
			runOnlyForDeploymentPostprocessing = 0;
		};
/* End PBXFrameworksBuildPhase section */

/* Begin PBXGroup section */
		C2BBDB6F29FA7CC500BC4E0E = {
			isa = PBXGroup;
			children = (
				C2BBDB7A29FA7CC500BC4E0E /* ZeltyWeather */,
				C2BBDB7929FA7CC500BC4E0E /* Products */,
			);
			sourceTree = "<group>";
		};
		C2BBDB7929FA7CC500BC4E0E /* Products */ = {
			isa = PBXGroup;
			children = (
				C2BBDB7829FA7CC500BC4E0E /* ZeltyWeather.app */,
			);
			name = Products;
			sourceTree = "<group>";
		};
		C2BBDB7A29FA7CC500BC4E0E /* ZeltyWeather */ = {
			isa = PBXGroup;
			children = (
				C29FF42F29FA896C0020C1D2 /* .swiftlint.yml */,
				C2BBDB9329FA7DF800BC4E0E /* Coordinators */,
				C2BBDB9229FA7DF100BC4E0E /* Core */,
				C2BBDB9529FA7E0900BC4E0E /* Models */,
				C2BBDBA829FA7F7900BC4E0E /* Ressources */,
				C2BBDB9729FA7E2400BC4E0E /* Scenes */,
				C2BBDBA029FA7EE600BC4E0E /* Services */,
				C2BBDB9629FA7E1D00BC4E0E /* Utils */,
				C2BBDB8C29FA7CC600BC4E0E /* Info.plist */,
			);
			path = ZeltyWeather;
			sourceTree = "<group>";
		};
		C2BBDB9229FA7DF100BC4E0E /* Core */ = {
			isa = PBXGroup;
			children = (
				C2BBDB7B29FA7CC500BC4E0E /* AppDelegate.swift */,
				C2BBDB7D29FA7CC500BC4E0E /* SceneDelegate.swift */,
			);
			path = Core;
			sourceTree = "<group>";
		};
		C2BBDB9329FA7DF800BC4E0E /* Coordinators */ = {
			isa = PBXGroup;
			children = (
				C2BBDBAB29FA7FE500BC4E0E /* AppCoordintor.swift */,
				C2BBDBA929FA7FDD00BC4E0E /* BaseCoordinator.swift */,
			);
			path = Coordinators;
			sourceTree = "<group>";
		};
		C2BBDB9529FA7E0900BC4E0E /* Models */ = {
			isa = PBXGroup;
			children = (
				C29FF43629FAA3C00020C1D2 /* Weather.swift */,
				C29FF43429FA8A630020C1D2 /* WeatherResponse.swift */,
			);
			path = Models;
			sourceTree = "<group>";
		};
		C2BBDB9629FA7E1D00BC4E0E /* Utils */ = {
			isa = PBXGroup;
			children = (
				C23BEDB629FAC71400506F5D /* FormatterUtils.swift */,
				C23BEDB829FAD10900506F5D /* IntUtils.swift */,
				C23BEDBA29FB096300506F5D /* StringUtils.swift */,
				C2B394E229FB244E00C48BC4 /* WeatherEntityUtils.swift */,
				C23BEDB429FABDAF00506F5D /* WeatherResponseUtils.swift */,
			);
			path = Utils;
			sourceTree = "<group>";
		};
		C2BBDB9729FA7E2400BC4E0E /* Scenes */ = {
			isa = PBXGroup;
			children = (
				C2BBDB9929FA7E5200BC4E0E /* Home */,
				C2BBDB9829FA7E4B00BC4E0E /* Detail */,
			);
			path = Scenes;
			sourceTree = "<group>";
		};
		C2BBDB9829FA7E4B00BC4E0E /* Detail */ = {
			isa = PBXGroup;
			children = (
				C2BBDBA629FA7F6600BC4E0E /* DetailCoordinator.swift */,
				C2BBDB9A29FA7E7300BC4E0E /* DetailViewController.swift */,
				C2BBDBA429FA7F5400BC4E0E /* DetailViewModel.swift */,
			);
			path = Detail;
			sourceTree = "<group>";
		};
		C2BBDB9929FA7E5200BC4E0E /* Home */ = {
			isa = PBXGroup;
			children = (
				C2BBDB9C29FA7ED100BC4E0E /* HomeCoordinator.swift */,
				C2BBDB7F29FA7CC500BC4E0E /* HomeViewController.swift */,
				C2BBDB9E29FA7EDE00BC4E0E /* HomeViewModel.swift */,
			);
			path = Home;
			sourceTree = "<group>";
		};
		C2BBDBA029FA7EE600BC4E0E /* Services */ = {
			isa = PBXGroup;
			children = (
				C2BBDBA129FA7EF400BC4E0E /* CoreData */,
				C2BBDBA229FA7EFB00BC4E0E /* URLSession */,
			);
			path = Services;
			sourceTree = "<group>";
		};
		C2BBDBA129FA7EF400BC4E0E /* CoreData */ = {
			isa = PBXGroup;
			children = (
				C2BBDB8429FA7CC500BC4E0E /* ZeltyWeather.xcdatamodeld */,
				C23BEDBC29FB139300506F5D /* CoreDataService.swift */,
			);
			path = CoreData;
			sourceTree = "<group>";
		};
		C2BBDBA229FA7EFB00BC4E0E /* URLSession */ = {
			isa = PBXGroup;
			children = (
				C2FF018D29FAB708002E7A33 /* Token.xcconfig */,
				C29FF43129FA8A220020C1D2 /* WeatherService.swift */,
			);
			path = URLSession;
			sourceTree = "<group>";
		};
		C2BBDBA829FA7F7900BC4E0E /* Ressources */ = {
			isa = PBXGroup;
			children = (
				C2BBDB8729FA7CC600BC4E0E /* Assets.xcassets */,
				C2BBDB8929FA7CC600BC4E0E /* LaunchScreen.storyboard */,
			);
			path = Ressources;
			sourceTree = "<group>";
		};
/* End PBXGroup section */

/* Begin PBXNativeTarget section */
		C2BBDB7729FA7CC500BC4E0E /* ZeltyWeather */ = {
			isa = PBXNativeTarget;
			buildConfigurationList = C2BBDB8F29FA7CC600BC4E0E /* Build configuration list for PBXNativeTarget "ZeltyWeather" */;
			buildPhases = (
				C2BBDB7429FA7CC500BC4E0E /* Sources */,
				C2BBDB7529FA7CC500BC4E0E /* Frameworks */,
				C2BBDB7629FA7CC500BC4E0E /* Resources */,
				C29FF42B29FA88270020C1D2 /* ShellScript */,
			);
			buildRules = (
			);
			dependencies = (
			);
			name = ZeltyWeather;
			productName = ZeltyWeather;
			productReference = C2BBDB7829FA7CC500BC4E0E /* ZeltyWeather.app */;
			productType = "com.apple.product-type.application";
		};
/* End PBXNativeTarget section */

/* Begin PBXProject section */
		C2BBDB7029FA7CC500BC4E0E /* Project object */ = {
			isa = PBXProject;
			attributes = {
				BuildIndependentTargetsInParallel = 1;
				LastSwiftUpdateCheck = 1430;
				LastUpgradeCheck = 1430;
				TargetAttributes = {
					C2BBDB7729FA7CC500BC4E0E = {
						CreatedOnToolsVersion = 14.3;
					};
				};
			};
			buildConfigurationList = C2BBDB7329FA7CC500BC4E0E /* Build configuration list for PBXProject "ZeltyWeather" */;
			compatibilityVersion = "Xcode 14.0";
			developmentRegion = en;
			hasScannedForEncodings = 0;
			knownRegions = (
				en,
				Base,
			);
			mainGroup = C2BBDB6F29FA7CC500BC4E0E;
			productRefGroup = C2BBDB7929FA7CC500BC4E0E /* Products */;
			projectDirPath = "";
			projectRoot = "";
			targets = (
				C2BBDB7729FA7CC500BC4E0E /* ZeltyWeather */,
			);
		};
/* End PBXProject section */

/* Begin PBXResourcesBuildPhase section */
		C2BBDB7629FA7CC500BC4E0E /* Resources */ = {
			isa = PBXResourcesBuildPhase;
			buildActionMask = 2147483647;
			files = (
				C29FF43029FA896C0020C1D2 /* .swiftlint.yml in Resources */,
				C2BBDB8B29FA7CC600BC4E0E /* LaunchScreen.storyboard in Resources */,
				C2BBDB8829FA7CC600BC4E0E /* Assets.xcassets in Resources */,
			);
			runOnlyForDeploymentPostprocessing = 0;
		};
/* End PBXResourcesBuildPhase section */

/* Begin PBXShellScriptBuildPhase section */
		C29FF42B29FA88270020C1D2 /* ShellScript */ = {
			isa = PBXShellScriptBuildPhase;
			alwaysOutOfDate = 1;
			buildActionMask = 2147483647;
			files = (
			);
			inputFileListPaths = (
			);
			inputPaths = (
			);
			outputFileListPaths = (
			);
			outputPaths = (
			);
			runOnlyForDeploymentPostprocessing = 0;
			shellPath = /bin/sh;
			shellScript = "if which swiftlint >/dev/null; then\n    swiftlint\nelse\n    echo \"warning: SwiftLint not installed, download from https://github.com/realm/SwiftLint\"\nfi\n";
		};
/* End PBXShellScriptBuildPhase section */

/* Begin PBXSourcesBuildPhase section */
		C2BBDB7429FA7CC500BC4E0E /* Sources */ = {
			isa = PBXSourcesBuildPhase;
			buildActionMask = 2147483647;
			files = (
				C23BEDBB29FB096300506F5D /* StringUtils.swift in Sources */,
				C2BBDB8029FA7CC500BC4E0E /* HomeViewController.swift in Sources */,
				C2BBDB8629FA7CC500BC4E0E /* ZeltyWeather.xcdatamodeld in Sources */,
				C23BEDB929FAD10900506F5D /* IntUtils.swift in Sources */,
				C2BBDB9F29FA7EDE00BC4E0E /* HomeViewModel.swift in Sources */,
				C2BBDBA729FA7F6600BC4E0E /* DetailCoordinator.swift in Sources */,
				C23BEDB729FAC71400506F5D /* FormatterUtils.swift in Sources */,
				C29FF43229FA8A220020C1D2 /* WeatherService.swift in Sources */,
				C23BEDB529FABDAF00506F5D /* WeatherResponseUtils.swift in Sources */,
				C29FF43529FA8A630020C1D2 /* WeatherResponse.swift in Sources */,
				C29FF43729FAA3C00020C1D2 /* Weather.swift in Sources */,
				C2BBDB9B29FA7E7300BC4E0E /* DetailViewController.swift in Sources */,
				C2BBDBAA29FA7FDD00BC4E0E /* BaseCoordinator.swift in Sources */,
				C2B394E329FB244E00C48BC4 /* WeatherEntityUtils.swift in Sources */,
				C23BEDBD29FB139300506F5D /* CoreDataService.swift in Sources */,
				C2BBDB7C29FA7CC500BC4E0E /* AppDelegate.swift in Sources */,
				C2BBDB7E29FA7CC500BC4E0E /* SceneDelegate.swift in Sources */,
				C2BBDB9D29FA7ED100BC4E0E /* HomeCoordinator.swift in Sources */,
				C2BBDBA529FA7F5400BC4E0E /* DetailViewModel.swift in Sources */,
				C2BBDBAC29FA7FE500BC4E0E /* AppCoordintor.swift in Sources */,
			);
			runOnlyForDeploymentPostprocessing = 0;
		};
/* End PBXSourcesBuildPhase section */

/* Begin PBXVariantGroup section */
		C2BBDB8929FA7CC600BC4E0E /* LaunchScreen.storyboard */ = {
			isa = PBXVariantGroup;
			children = (
				C2BBDB8A29FA7CC600BC4E0E /* Base */,
			);
			name = LaunchScreen.storyboard;
			sourceTree = "<group>";
		};
/* End PBXVariantGroup section */

/* Begin XCBuildConfiguration section */
		C2BBDB8D29FA7CC600BC4E0E /* Debug */ = {
			isa = XCBuildConfiguration;
			baseConfigurationReference = C2FF018D29FAB708002E7A33 /* Token.xcconfig */;
			buildSettings = {
				ALWAYS_SEARCH_USER_PATHS = NO;
				CLANG_ANALYZER_NONNULL = YES;
				CLANG_ANALYZER_NUMBER_OBJECT_CONVERSION = YES_AGGRESSIVE;
				CLANG_CXX_LANGUAGE_STANDARD = "gnu++20";
				CLANG_ENABLE_MODULES = YES;
				CLANG_ENABLE_OBJC_ARC = YES;
				CLANG_ENABLE_OBJC_WEAK = YES;
				CLANG_WARN_BLOCK_CAPTURE_AUTORELEASING = YES;
				CLANG_WARN_BOOL_CONVERSION = YES;
				CLANG_WARN_COMMA = YES;
				CLANG_WARN_CONSTANT_CONVERSION = YES;
				CLANG_WARN_DEPRECATED_OBJC_IMPLEMENTATIONS = YES;
				CLANG_WARN_DIRECT_OBJC_ISA_USAGE = YES_ERROR;
				CLANG_WARN_DOCUMENTATION_COMMENTS = YES;
				CLANG_WARN_EMPTY_BODY = YES;
				CLANG_WARN_ENUM_CONVERSION = YES;
				CLANG_WARN_INFINITE_RECURSION = YES;
				CLANG_WARN_INT_CONVERSION = YES;
				CLANG_WARN_NON_LITERAL_NULL_CONVERSION = YES;
				CLANG_WARN_OBJC_IMPLICIT_RETAIN_SELF = YES;
				CLANG_WARN_OBJC_LITERAL_CONVERSION = YES;
				CLANG_WARN_OBJC_ROOT_CLASS = YES_ERROR;
				CLANG_WARN_QUOTED_INCLUDE_IN_FRAMEWORK_HEADER = YES;
				CLANG_WARN_RANGE_LOOP_ANALYSIS = YES;
				CLANG_WARN_STRICT_PROTOTYPES = YES;
				CLANG_WARN_SUSPICIOUS_MOVE = YES;
				CLANG_WARN_UNGUARDED_AVAILABILITY = YES_AGGRESSIVE;
				CLANG_WARN_UNREACHABLE_CODE = YES;
				CLANG_WARN__DUPLICATE_METHOD_MATCH = YES;
				COPY_PHASE_STRIP = NO;
				DEBUG_INFORMATION_FORMAT = dwarf;
				ENABLE_STRICT_OBJC_MSGSEND = YES;
				ENABLE_TESTABILITY = YES;
				GCC_C_LANGUAGE_STANDARD = gnu11;
				GCC_DYNAMIC_NO_PIC = NO;
				GCC_NO_COMMON_BLOCKS = YES;
				GCC_OPTIMIZATION_LEVEL = 0;
				GCC_PREPROCESSOR_DEFINITIONS = (
					"DEBUG=1",
					"$(inherited)",
				);
				GCC_WARN_64_TO_32_BIT_CONVERSION = YES;
				GCC_WARN_ABOUT_RETURN_TYPE = YES_ERROR;
				GCC_WARN_UNDECLARED_SELECTOR = YES;
				GCC_WARN_UNINITIALIZED_AUTOS = YES_AGGRESSIVE;
				GCC_WARN_UNUSED_FUNCTION = YES;
				GCC_WARN_UNUSED_VARIABLE = YES;
				IPHONEOS_DEPLOYMENT_TARGET = 16.0;
				MTL_ENABLE_DEBUG_INFO = INCLUDE_SOURCE;
				MTL_FAST_MATH = YES;
				ONLY_ACTIVE_ARCH = YES;
				SDKROOT = iphoneos;
				SWIFT_ACTIVE_COMPILATION_CONDITIONS = DEBUG;
				SWIFT_OPTIMIZATION_LEVEL = "-Onone";
			};
			name = Debug;
		};
		C2BBDB8E29FA7CC600BC4E0E /* Release */ = {
			isa = XCBuildConfiguration;
			baseConfigurationReference = C2FF018D29FAB708002E7A33 /* Token.xcconfig */;
			buildSettings = {
				ALWAYS_SEARCH_USER_PATHS = NO;
				CLANG_ANALYZER_NONNULL = YES;
				CLANG_ANALYZER_NUMBER_OBJECT_CONVERSION = YES_AGGRESSIVE;
				CLANG_CXX_LANGUAGE_STANDARD = "gnu++20";
				CLANG_ENABLE_MODULES = YES;
				CLANG_ENABLE_OBJC_ARC = YES;
				CLANG_ENABLE_OBJC_WEAK = YES;
				CLANG_WARN_BLOCK_CAPTURE_AUTORELEASING = YES;
				CLANG_WARN_BOOL_CONVERSION = YES;
				CLANG_WARN_COMMA = YES;
				CLANG_WARN_CONSTANT_CONVERSION = YES;
				CLANG_WARN_DEPRECATED_OBJC_IMPLEMENTATIONS = YES;
				CLANG_WARN_DIRECT_OBJC_ISA_USAGE = YES_ERROR;
				CLANG_WARN_DOCUMENTATION_COMMENTS = YES;
				CLANG_WARN_EMPTY_BODY = YES;
				CLANG_WARN_ENUM_CONVERSION = YES;
				CLANG_WARN_INFINITE_RECURSION = YES;
				CLANG_WARN_INT_CONVERSION = YES;
				CLANG_WARN_NON_LITERAL_NULL_CONVERSION = YES;
				CLANG_WARN_OBJC_IMPLICIT_RETAIN_SELF = YES;
				CLANG_WARN_OBJC_LITERAL_CONVERSION = YES;
				CLANG_WARN_OBJC_ROOT_CLASS = YES_ERROR;
				CLANG_WARN_QUOTED_INCLUDE_IN_FRAMEWORK_HEADER = YES;
				CLANG_WARN_RANGE_LOOP_ANALYSIS = YES;
				CLANG_WARN_STRICT_PROTOTYPES = YES;
				CLANG_WARN_SUSPICIOUS_MOVE = YES;
				CLANG_WARN_UNGUARDED_AVAILABILITY = YES_AGGRESSIVE;
				CLANG_WARN_UNREACHABLE_CODE = YES;
				CLANG_WARN__DUPLICATE_METHOD_MATCH = YES;
				COPY_PHASE_STRIP = NO;
				DEBUG_INFORMATION_FORMAT = "dwarf-with-dsym";
				ENABLE_NS_ASSERTIONS = NO;
				ENABLE_STRICT_OBJC_MSGSEND = YES;
				GCC_C_LANGUAGE_STANDARD = gnu11;
				GCC_NO_COMMON_BLOCKS = YES;
				GCC_WARN_64_TO_32_BIT_CONVERSION = YES;
				GCC_WARN_ABOUT_RETURN_TYPE = YES_ERROR;
				GCC_WARN_UNDECLARED_SELECTOR = YES;
				GCC_WARN_UNINITIALIZED_AUTOS = YES_AGGRESSIVE;
				GCC_WARN_UNUSED_FUNCTION = YES;
				GCC_WARN_UNUSED_VARIABLE = YES;
				IPHONEOS_DEPLOYMENT_TARGET = 16.0;
				MTL_ENABLE_DEBUG_INFO = NO;
				MTL_FAST_MATH = YES;
				SDKROOT = iphoneos;
				SWIFT_COMPILATION_MODE = wholemodule;
				SWIFT_OPTIMIZATION_LEVEL = "-O";
				VALIDATE_PRODUCT = YES;
			};
			name = Release;
		};
		C2BBDB9029FA7CC600BC4E0E /* Debug */ = {
			isa = XCBuildConfiguration;
			buildSettings = {
				ASSETCATALOG_COMPILER_APPICON_NAME = AppIcon;
				ASSETCATALOG_COMPILER_GLOBAL_ACCENT_COLOR_NAME = AccentColor;
				CODE_SIGN_STYLE = Automatic;
				CURRENT_PROJECT_VERSION = 1;
				DEVELOPMENT_TEAM = V54XUHS56L;
				GENERATE_INFOPLIST_FILE = YES;
				INFOPLIST_FILE = ZeltyWeather/Info.plist;
				INFOPLIST_KEY_UIApplicationSupportsIndirectInputEvents = YES;
				INFOPLIST_KEY_UILaunchStoryboardName = LaunchScreen;
				INFOPLIST_KEY_UISupportedInterfaceOrientations_iPad = "UIInterfaceOrientationPortrait UIInterfaceOrientationPortraitUpsideDown UIInterfaceOrientationLandscapeLeft UIInterfaceOrientationLandscapeRight";
				INFOPLIST_KEY_UISupportedInterfaceOrientations_iPhone = "UIInterfaceOrientationPortrait UIInterfaceOrientationLandscapeLeft UIInterfaceOrientationLandscapeRight";
				LD_RUNPATH_SEARCH_PATHS = (
					"$(inherited)",
					"@executable_path/Frameworks",
				);
				MARKETING_VERSION = 1.0;
				PRODUCT_BUNDLE_IDENTIFIER = raphael.huangdubois.ZeltyWeather;
				PRODUCT_NAME = "$(TARGET_NAME)";
				SWIFT_EMIT_LOC_STRINGS = YES;
				SWIFT_VERSION = 5.0;
				TARGETED_DEVICE_FAMILY = "1,2";
			};
			name = Debug;
		};
		C2BBDB9129FA7CC600BC4E0E /* Release */ = {
			isa = XCBuildConfiguration;
			buildSettings = {
				ASSETCATALOG_COMPILER_APPICON_NAME = AppIcon;
				ASSETCATALOG_COMPILER_GLOBAL_ACCENT_COLOR_NAME = AccentColor;
				CODE_SIGN_STYLE = Automatic;
				CURRENT_PROJECT_VERSION = 1;
				DEVELOPMENT_TEAM = V54XUHS56L;
				GENERATE_INFOPLIST_FILE = YES;
				INFOPLIST_FILE = ZeltyWeather/Info.plist;
				INFOPLIST_KEY_UIApplicationSupportsIndirectInputEvents = YES;
				INFOPLIST_KEY_UILaunchStoryboardName = LaunchScreen;
				INFOPLIST_KEY_UISupportedInterfaceOrientations_iPad = "UIInterfaceOrientationPortrait UIInterfaceOrientationPortraitUpsideDown UIInterfaceOrientationLandscapeLeft UIInterfaceOrientationLandscapeRight";
				INFOPLIST_KEY_UISupportedInterfaceOrientations_iPhone = "UIInterfaceOrientationPortrait UIInterfaceOrientationLandscapeLeft UIInterfaceOrientationLandscapeRight";
				LD_RUNPATH_SEARCH_PATHS = (
					"$(inherited)",
					"@executable_path/Frameworks",
				);
				MARKETING_VERSION = 1.0;
				PRODUCT_BUNDLE_IDENTIFIER = raphael.huangdubois.ZeltyWeather;
				PRODUCT_NAME = "$(TARGET_NAME)";
				SWIFT_EMIT_LOC_STRINGS = YES;
				SWIFT_VERSION = 5.0;
				TARGETED_DEVICE_FAMILY = "1,2";
			};
			name = Release;
		};
/* End XCBuildConfiguration section */

/* Begin XCConfigurationList section */
		C2BBDB7329FA7CC500BC4E0E /* Build configuration list for PBXProject "ZeltyWeather" */ = {
			isa = XCConfigurationList;
			buildConfigurations = (
				C2BBDB8D29FA7CC600BC4E0E /* Debug */,
				C2BBDB8E29FA7CC600BC4E0E /* Release */,
			);
			defaultConfigurationIsVisible = 0;
			defaultConfigurationName = Release;
		};
		C2BBDB8F29FA7CC600BC4E0E /* Build configuration list for PBXNativeTarget "ZeltyWeather" */ = {
			isa = XCConfigurationList;
			buildConfigurations = (
				C2BBDB9029FA7CC600BC4E0E /* Debug */,
				C2BBDB9129FA7CC600BC4E0E /* Release */,
			);
			defaultConfigurationIsVisible = 0;
			defaultConfigurationName = Release;
		};
/* End XCConfigurationList section */

/* Begin XCVersionGroup section */
		C2BBDB8429FA7CC500BC4E0E /* ZeltyWeather.xcdatamodeld */ = {
			isa = XCVersionGroup;
			children = (
				C2BBDB8529FA7CC500BC4E0E /* ZeltyWeather.xcdatamodel */,
			);
			currentVersion = C2BBDB8529FA7CC500BC4E0E /* ZeltyWeather.xcdatamodel */;
			path = ZeltyWeather.xcdatamodeld;
			sourceTree = "<group>";
			versionGroupType = wrapper.xcdatamodel;
		};
/* End XCVersionGroup section */
	};
	rootObject = C2BBDB7029FA7CC500BC4E0E /* Project object */;
}
